// !$*UTF8*$!
{
	archiveVersion = 1;
	classes = {
	};
	objectVersion = 54;
	objects = {

/* Begin PBXBuildFile section */
		05AC2F4B7D3F4F3896894861 /* SleepModels.swift in Sources */ = {isa = PBXBuildFile; fileRef = 740A33B6E6D4861DF61CFBB1 /* SleepModels.swift */; };
		09AFEF368C3AA0418E7EE898 /* HomeView.swift in Sources */ = {isa = PBXBuildFile; fileRef = 314F2F155CF97AAF34DA0A4C /* HomeView.swift */; };
		13B07FBF1A68108700A75B9A /* Images.xcassets in Resources */ = {isa = PBXBuildFile; fileRef = 13B07FB51A68108700A75B9A /* Images.xcassets */; };
		198E5870D78A269255C9D9C1 /* LiquidGlass.swift in Sources */ = {isa = PBXBuildFile; fileRef = 512730D266670DD636BD803A /* LiquidGlass.swift */; };
		1A87176D73C3EE6C7051ACFD /* Supabase in Frameworks */ = {isa = PBXBuildFile; productRef = 71DA860F9B70BD0D45CF7857 /* Supabase */; };
		F900000000000000000000B2 /* SleepCloudService.swift in Sources */ = {isa = PBXBuildFile; fileRef = F900000000000000000000B1 /* SleepCloudService.swift */; };
		7C0000000000000000000003 /* RevenueCat in Frameworks */ = {isa = PBXBuildFile; productRef = 7C0000000000000000000002 /* RevenueCat */; };
		7D0000000000000000000003 /* TikTokBusinessSDK in Frameworks */ = {isa = PBXBuildFile; productRef = 7D0000000000000000000002 /* TikTokBusinessSDK */; };
		7C0000000000000000000013 /* SleepSubscription.swift in Sources */ = {isa = PBXBuildFile; fileRef = 7C0000000000000000000012 /* SleepSubscription.swift */; };
		7C0000000000000000000015 /* PaywallView.swift in Sources */ = {isa = PBXBuildFile; fileRef = 7C0000000000000000000014 /* PaywallView.swift */; };
		7D0000000000000000000015 /* SleepTikTok.swift in Sources */ = {isa = PBXBuildFile; fileRef = 7D0000000000000000000014 /* SleepTikTok.swift */; };
		1E5168B98C242B90B04B7D9C /* AppDelegate.swift in Sources */ = {isa = PBXBuildFile; fileRef = BE73361F00ABDB639ED1D41A /* AppDelegate.swift */; };
		2C9E3A52E958468A363D1635 /* AuthModels.swift in Sources */ = {isa = PBXBuildFile; fileRef = C52EBB56370FEA8572A95B0A /* AuthModels.swift */; };
		30ABD308DAB8167D795A2D9D /* ProfileView.swift in Sources */ = {isa = PBXBuildFile; fileRef = F0E16E05E315F1EE37C03F9C /* ProfileView.swift */; };
		3E461D99554A48A4959DE609 /* SplashScreen.storyboard in Resources */ = {isa = PBXBuildFile; fileRef = AA286B85B6C04FC6940260E9 /* SplashScreen.storyboard */; };
		47501ABFFD25AA9B7048E27C /* OnboardingView.swift in Sources */ = {isa = PBXBuildFile; fileRef = 9234E0E1693C0FC11F33BD3A /* OnboardingView.swift */; };
		60E68C3ACCC4786FCD348BFF /* AuthView.swift in Sources */ = {isa = PBXBuildFile; fileRef = 907CE4E59D34D87F2C5A0321 /* AuthView.swift */; };
		7114F43B85E6E229559E5013 /* SupabaseAuthClient.swift in Sources */ = {isa = PBXBuildFile; fileRef = DE33A1B5EFCF17C5AC73271C /* SupabaseAuthClient.swift */; };
		77C469E0A58F15200C2E9F6E /* SleepBackground.swift in Sources */ = {isa = PBXBuildFile; fileRef = 9F4311BA03CAD3F576F79BFC /* SleepBackground.swift */; };
		83B718F7C4B4F234291D6F95 /* PrivacyInfo.xcprivacy in Resources */ = {isa = PBXBuildFile; fileRef = 9EC3E675CCE9C41BC01DFFAE /* PrivacyInfo.xcprivacy */; };
		93BACAE13B0502CF9AD5202A /* RootView.swift in Sources */ = {isa = PBXBuildFile; fileRef = EBB2CED1004A6A08D5A70F24 /* RootView.swift */; };
		9741BE20E4028E51160BDC75 /* SleepTheme.swift in Sources */ = {isa = PBXBuildFile; fileRef = F69F492AFB4609915E10F59C /* SleepTheme.swift */; };
		AB28ABECC3ED7A36A911D0C8 /* SleepFormatting.swift in Sources */ = {isa = PBXBuildFile; fileRef = 316EF63C74A39E0CE6D1D1BE /* SleepFormatting.swift */; };
		CC3D146C5EAF5AB2266E9E6D /* SleepIntents.swift in Sources */ = {isa = PBXBuildFile; fileRef = 116765E93C9E1F418AE0CB6A /* SleepIntents.swift */; };
		F100000000000000000000A2 /* Log.swift in Sources */ = {isa = PBXBuildFile; fileRef = F100000000000000000000A1 /* Log.swift */; };
		F100000000000000000000B2 /* SleepHealthKit.swift in Sources */ = {isa = PBXBuildFile; fileRef = F100000000000000000000B1 /* SleepHealthKit.swift */; };
		F100000000000000000000D2 /* SleepModeView.swift in Sources */ = {isa = PBXBuildFile; fileRef = F100000000000000000000D1 /* SleepModeView.swift */; };
		F100000000000000000000E2 /* SleepWidgetShared.swift in Sources */ = {isa = PBXBuildFile; fileRef = F100000000000000000000E1 /* SleepWidgetShared.swift */; };
		F1DA7E0000000000000000A2 /* SleepUpdateGate.swift in Sources */ = {isa = PBXBuildFile; fileRef = F1DA7E0000000000000000A1 /* SleepUpdateGate.swift */; };
		F1FEA70000000000000000A2 /* SleepFeatureRequests.swift in Sources */ = {isa = PBXBuildFile; fileRef = F1FEA70000000000000000A1 /* SleepFeatureRequests.swift */; };
		F100000000000000000000F2 /* SleepScreenTime.swift in Sources */ = {isa = PBXBuildFile; fileRef = F100000000000000000000F1 /* SleepScreenTime.swift */; };
		F100000000000000000FF2 /* SleepLockdownKeys.swift in Sources */ = {isa = PBXBuildFile; fileRef = F100000000000000000FF1 /* SleepLockdownKeys.swift */; };
		F500000000000000000000C4 /* SleepLockdownKeys.swift in Sources */ = {isa = PBXBuildFile; fileRef = F100000000000000000FF1 /* SleepLockdownKeys.swift */; };
		F600000000000000000000C2 /* SleepLockdownKeys.swift in Sources */ = {isa = PBXBuildFile; fileRef = F100000000000000000FF1 /* SleepLockdownKeys.swift */; };
		F700000000000000000000C2 /* SleepLockdownKeys.swift in Sources */ = {isa = PBXBuildFile; fileRef = F100000000000000000FF1 /* SleepLockdownKeys.swift */; };
		F100000000000000000FF4 /* SleepReasonsView.swift in Sources */ = {isa = PBXBuildFile; fileRef = F100000000000000000FF3 /* SleepReasonsView.swift */; };
		F100000000000000000FF6 /* SleepWindDownView.swift in Sources */ = {isa = PBXBuildFile; fileRef = F100000000000000000FF5 /* SleepWindDownView.swift */; };
		F100000000000000000FA2 /* SleepLockdownShared.swift in Sources */ = {isa = PBXBuildFile; fileRef = F100000000000000000FA1 /* SleepLockdownShared.swift */; };
		F100000000000000000FB2 /* SleepActivityAttributes.swift in Sources */ = {isa = PBXBuildFile; fileRef = F100000000000000000FB1 /* SleepActivityAttributes.swift */; };
		F100000000000000000FC2 /* SleepLiveActivity.swift in Sources */ = {isa = PBXBuildFile; fileRef = F100000000000000000FC1 /* SleepLiveActivity.swift */; };
		F100000000000000000FD2 /* SleepAssetCache.swift in Sources */ = {isa = PBXBuildFile; fileRef = F100000000000000000FD1 /* SleepAssetCache.swift */; };
		F100000000000000000FE2 /* SleepConfirmationPanel.swift in Sources */ = {isa = PBXBuildFile; fileRef = F100000000000000000FE1 /* SleepConfirmationPanel.swift */; };
		F400000000000000000000AC /* SulavSleepWidgetExtension.appex in Embed Foundation Extensions */ = {isa = PBXBuildFile; fileRef = F400000000000000000000A2 /* SulavSleepWidgetExtension.appex */; settings = {ATTRIBUTES = (RemoveHeadersOnCopy, ); }; };
		F400000000000000000000C1 /* SulavSleepWidget.swift in Sources */ = {isa = PBXBuildFile; fileRef = F400000000000000000000B1 /* SulavSleepWidget.swift */; };
		F400000000000000000000E2 /* WidgetAssets.xcassets in Resources */ = {isa = PBXBuildFile; fileRef = F400000000000000000000E1 /* WidgetAssets.xcassets */; };
		F400000000000000000000C2 /* SleepWidgetShared.swift in Sources */ = {isa = PBXBuildFile; fileRef = F100000000000000000000E1 /* SleepWidgetShared.swift */; };
		F400000000000000000000C7 /* SleepStreak.swift in Sources */ = {isa = PBXBuildFile; fileRef = F100000000000000000ST1 /* SleepStreak.swift */; };
		F400000000000000000000C3 /* SleepTheme.swift in Sources */ = {isa = PBXBuildFile; fileRef = F69F492AFB4609915E10F59C /* SleepTheme.swift */; };
		F400000000000000000000C4 /* SleepFormatting.swift in Sources */ = {isa = PBXBuildFile; fileRef = 316EF63C74A39E0CE6D1D1BE /* SleepFormatting.swift */; };
		F400000000000000000000C5 /* SleepActivityAttributes.swift in Sources */ = {isa = PBXBuildFile; fileRef = F100000000000000000FB1 /* SleepActivityAttributes.swift */; };
		F400000000000000000000C6 /* SulavSleepLiveActivity.swift in Sources */ = {isa = PBXBuildFile; fileRef = F400000000000000000000B4 /* SulavSleepLiveActivity.swift */; };
		F500000000000000000000AC /* SulavSleepMonitor.appex in Embed Foundation Extensions */ = {isa = PBXBuildFile; fileRef = F500000000000000000000A2 /* SulavSleepMonitor.appex */; settings = {ATTRIBUTES = (RemoveHeadersOnCopy, ); }; };
		F500000000000000000000C1 /* SulavSleepMonitor.swift in Sources */ = {isa = PBXBuildFile; fileRef = F500000000000000000000B1 /* SulavSleepMonitor.swift */; };
		F500000000000000000000C2 /* SleepLockdownShared.swift in Sources */ = {isa = PBXBuildFile; fileRef = F100000000000000000FA1 /* SleepLockdownShared.swift */; };
		F500000000000000000000C3 /* SleepWidgetShared.swift in Sources */ = {isa = PBXBuildFile; fileRef = F100000000000000000000E1 /* SleepWidgetShared.swift */; };
		FA831C765CABBEF773CE99ED /* SleepStore.swift in Sources */ = {isa = PBXBuildFile; fileRef = 2248DEAF235A937EB6B1B2C7 /* SleepStore.swift */; };
		F100000000000000000ST2 /* SleepStreak.swift in Sources */ = {isa = PBXBuildFile; fileRef = F100000000000000000ST1 /* SleepStreak.swift */; };
		F100000000000000000RF2 /* SleepReferral.swift in Sources */ = {isa = PBXBuildFile; fileRef = F100000000000000000RF1 /* SleepReferral.swift */; };
		F100000000000000000RF4 /* SleepPartnerView.swift in Sources */ = {isa = PBXBuildFile; fileRef = F100000000000000000RF3 /* SleepPartnerView.swift */; };
		F600000000000000000000AC /* SulavSleepShieldConfig.appex in Embed Foundation Extensions */ = {isa = PBXBuildFile; fileRef = F600000000000000000000A2 /* SulavSleepShieldConfig.appex */; settings = {ATTRIBUTES = (RemoveHeadersOnCopy, ); }; };
		F600000000000000000000C1 /* ShieldConfigProvider.swift in Sources */ = {isa = PBXBuildFile; fileRef = F600000000000000000000B1 /* ShieldConfigProvider.swift */; };
		F600000000000000000000B6 /* ShieldSloth.png in Resources */ = {isa = PBXBuildFile; fileRef = F600000000000000000000B5 /* ShieldSloth.png */; };
		F700000000000000000000AC /* SulavSleepShieldAction.appex in Embed Foundation Extensions */ = {isa = PBXBuildFile; fileRef = F700000000000000000000A2 /* SulavSleepShieldAction.appex */; settings = {ATTRIBUTES = (RemoveHeadersOnCopy, ); }; };
		F700000000000000000000C1 /* ShieldActionHandler.swift in Sources */ = {isa = PBXBuildFile; fileRef = F700000000000000000000B1 /* ShieldActionHandler.swift */; };
/* End PBXBuildFile section */

/* Begin PBXContainerItemProxy section */
		F400000000000000000000AA /* PBXContainerItemProxy */ = {
			isa = PBXContainerItemProxy;
			containerPortal = 83CBB9F71A601CBA00E9B192 /* Project object */;
			proxyType = 1;
			remoteGlobalIDString = F400000000000000000000A1;
			remoteInfo = SulavSleepWidgetExtension;
		};
		F500000000000000000000AA /* PBXContainerItemProxy */ = {
			isa = PBXContainerItemProxy;
			containerPortal = 83CBB9F71A601CBA00E9B192 /* Project object */;
			proxyType = 1;
			remoteGlobalIDString = F500000000000000000000A1;
			remoteInfo = SulavSleepMonitor;
		};
		F600000000000000000000AA /* PBXContainerItemProxy */ = {
			isa = PBXContainerItemProxy;
			containerPortal = 83CBB9F71A601CBA00E9B192 /* Project object */;
			proxyType = 1;
			remoteGlobalIDString = F600000000000000000000A1;
			remoteInfo = SulavSleepShieldConfig;
		};
		F700000000000000000000AA /* PBXContainerItemProxy */ = {
			isa = PBXContainerItemProxy;
			containerPortal = 83CBB9F71A601CBA00E9B192 /* Project object */;
			proxyType = 1;
			remoteGlobalIDString = F700000000000000000000A1;
			remoteInfo = SulavSleepShieldAction;
		};
/* End PBXContainerItemProxy section */

/* Begin PBXCopyFilesBuildPhase section */
		F400000000000000000000AB /* Embed Foundation Extensions */ = {
			isa = PBXCopyFilesBuildPhase;
			buildActionMask = 2147483647;
			dstPath = "";
			dstSubfolderSpec = 13;
			files = (
				F400000000000000000000AC /* SulavSleepWidgetExtension.appex in Embed Foundation Extensions */,
				F500000000000000000000AC /* SulavSleepMonitor.appex in Embed Foundation Extensions */,
				F600000000000000000000AC /* SulavSleepShieldConfig.appex in Embed Foundation Extensions */,
				F700000000000000000000AC /* SulavSleepShieldAction.appex in Embed Foundation Extensions */,
			);
			name = "Embed Foundation Extensions";
			runOnlyForDeploymentPostprocessing = 0;
		};
/* End PBXCopyFilesBuildPhase section */

/* Begin PBXFileReference section */
		116765E93C9E1F418AE0CB6A /* SleepIntents.swift */ = {isa = PBXFileReference; includeInIndex = 1; lastKnownFileType = sourcecode.swift; name = SleepIntents.swift; path = SulavSleep/SleepIntents.swift; sourceTree = "<group>"; };
		13B07F961A680F5B00A75B9A /* SulavSleep.app */ = {isa = PBXFileReference; explicitFileType = wrapper.application; includeInIndex = 0; path = SulavSleep.app; sourceTree = BUILT_PRODUCTS_DIR; };
		13B07FB51A68108700A75B9A /* Images.xcassets */ = {isa = PBXFileReference; lastKnownFileType = folder.assetcatalog; name = Images.xcassets; path = SulavSleep/Images.xcassets; sourceTree = "<group>"; };
		13B07FB61A68108700A75B9A /* Info.plist */ = {isa = PBXFileReference; fileEncoding = 4; lastKnownFileType = text.plist.xml; name = Info.plist; path = SulavSleep/Info.plist; sourceTree = "<group>"; };
		2248DEAF235A937EB6B1B2C7 /* SleepStore.swift */ = {isa = PBXFileReference; includeInIndex = 1; lastKnownFileType = sourcecode.swift; name = SleepStore.swift; path = SulavSleep/SleepStore.swift; sourceTree = "<group>"; };
		F100000000000000000ST1 /* SleepStreak.swift */ = {isa = PBXFileReference; includeInIndex = 1; lastKnownFileType = sourcecode.swift; name = SleepStreak.swift; path = SulavSleep/SleepStreak.swift; sourceTree = "<group>"; };
		F100000000000000000RF1 /* SleepReferral.swift */ = {isa = PBXFileReference; includeInIndex = 1; lastKnownFileType = sourcecode.swift; name = SleepReferral.swift; path = SulavSleep/SleepReferral.swift; sourceTree = "<group>"; };
		F100000000000000000RF3 /* SleepPartnerView.swift */ = {isa = PBXFileReference; includeInIndex = 1; lastKnownFileType = sourcecode.swift; name = SleepPartnerView.swift; path = SulavSleep/SleepPartnerView.swift; sourceTree = "<group>"; };
		7C0000000000000000000012 /* SleepSubscription.swift */ = {isa = PBXFileReference; includeInIndex = 1; lastKnownFileType = sourcecode.swift; name = SleepSubscription.swift; path = SulavSleep/SleepSubscription.swift; sourceTree = "<group>"; };
		7C0000000000000000000014 /* PaywallView.swift */ = {isa = PBXFileReference; includeInIndex = 1; lastKnownFileType = sourcecode.swift; name = PaywallView.swift; path = SulavSleep/PaywallView.swift; sourceTree = "<group>"; };
		7D0000000000000000000014 /* SleepTikTok.swift */ = {isa = PBXFileReference; includeInIndex = 1; lastKnownFileType = sourcecode.swift; name = SleepTikTok.swift; path = SulavSleep/SleepTikTok.swift; sourceTree = "<group>"; };
		314F2F155CF97AAF34DA0A4C /* HomeView.swift */ = {isa = PBXFileReference; includeInIndex = 1; lastKnownFileType = sourcecode.swift; name = HomeView.swift; path = SulavSleep/HomeView.swift; sourceTree = "<group>"; };
		316EF63C74A39E0CE6D1D1BE /* SleepFormatting.swift */ = {isa = PBXFileReference; includeInIndex = 1; lastKnownFileType = sourcecode.swift; name = SleepFormatting.swift; path = SulavSleep/SleepFormatting.swift; sourceTree = "<group>"; };
		512730D266670DD636BD803A /* LiquidGlass.swift */ = {isa = PBXFileReference; includeInIndex = 1; lastKnownFileType = sourcecode.swift; name = LiquidGlass.swift; path = SulavSleep/LiquidGlass.swift; sourceTree = "<group>"; };
		740A33B6E6D4861DF61CFBB1 /* SleepModels.swift */ = {isa = PBXFileReference; includeInIndex = 1; lastKnownFileType = sourcecode.swift; name = SleepModels.swift; path = SulavSleep/SleepModels.swift; sourceTree = "<group>"; };
		907CE4E59D34D87F2C5A0321 /* AuthView.swift */ = {isa = PBXFileReference; includeInIndex = 1; lastKnownFileType = sourcecode.swift; name = AuthView.swift; path = SulavSleep/AuthView.swift; sourceTree = "<group>"; };
		9234E0E1693C0FC11F33BD3A /* OnboardingView.swift */ = {isa = PBXFileReference; includeInIndex = 1; lastKnownFileType = sourcecode.swift; name = OnboardingView.swift; path = SulavSleep/OnboardingView.swift; sourceTree = "<group>"; };
		9EC3E675CCE9C41BC01DFFAE /* PrivacyInfo.xcprivacy */ = {isa = PBXFileReference; includeInIndex = 1; lastKnownFileType = text.xml; name = PrivacyInfo.xcprivacy; path = SulavSleep/PrivacyInfo.xcprivacy; sourceTree = "<group>"; };
		9F4311BA03CAD3F576F79BFC /* SleepBackground.swift */ = {isa = PBXFileReference; includeInIndex = 1; lastKnownFileType = sourcecode.swift; name = SleepBackground.swift; path = SulavSleep/SleepBackground.swift; sourceTree = "<group>"; };
		AA286B85B6C04FC6940260E9 /* SplashScreen.storyboard */ = {isa = PBXFileReference; fileEncoding = 4; lastKnownFileType = file.storyboard; name = SplashScreen.storyboard; path = SulavSleep/SplashScreen.storyboard; sourceTree = "<group>"; };
		BE73361F00ABDB639ED1D41A /* AppDelegate.swift */ = {isa = PBXFileReference; includeInIndex = 1; lastKnownFileType = sourcecode.swift; name = AppDelegate.swift; path = SulavSleep/AppDelegate.swift; sourceTree = "<group>"; };
		C52EBB56370FEA8572A95B0A /* AuthModels.swift */ = {isa = PBXFileReference; includeInIndex = 1; lastKnownFileType = sourcecode.swift; name = AuthModels.swift; path = SulavSleep/Auth/AuthModels.swift; sourceTree = "<group>"; };
		DE33A1B5EFCF17C5AC73271C /* SupabaseAuthClient.swift */ = {isa = PBXFileReference; includeInIndex = 1; lastKnownFileType = sourcecode.swift; name = SupabaseAuthClient.swift; path = SulavSleep/Auth/SupabaseAuthClient.swift; sourceTree = "<group>"; };
		EBB2CED1004A6A08D5A70F24 /* RootView.swift */ = {isa = PBXFileReference; includeInIndex = 1; lastKnownFileType = sourcecode.swift; name = RootView.swift; path = SulavSleep/RootView.swift; sourceTree = "<group>"; };
		F0E16E05E315F1EE37C03F9C /* ProfileView.swift */ = {isa = PBXFileReference; includeInIndex = 1; lastKnownFileType = sourcecode.swift; name = ProfileView.swift; path = SulavSleep/ProfileView.swift; sourceTree = "<group>"; };
		F100000000000000000000A1 /* Log.swift */ = {isa = PBXFileReference; includeInIndex = 1; lastKnownFileType = sourcecode.swift; name = Log.swift; path = SulavSleep/Log.swift; sourceTree = "<group>"; };
		F100000000000000000000B1 /* SleepHealthKit.swift */ = {isa = PBXFileReference; includeInIndex = 1; lastKnownFileType = sourcecode.swift; name = SleepHealthKit.swift; path = SulavSleep/SleepHealthKit.swift; sourceTree = "<group>"; };
		F100000000000000000000D1 /* SleepModeView.swift */ = {isa = PBXFileReference; includeInIndex = 1; lastKnownFileType = sourcecode.swift; name = SleepModeView.swift; path = SulavSleep/SleepModeView.swift; sourceTree = "<group>"; };
		F100000000000000000000E1 /* SleepWidgetShared.swift */ = {isa = PBXFileReference; includeInIndex = 1; lastKnownFileType = sourcecode.swift; name = SleepWidgetShared.swift; path = SulavSleep/SleepWidgetShared.swift; sourceTree = "<group>"; };
		F1DA7E0000000000000000A1 /* SleepUpdateGate.swift */ = {isa = PBXFileReference; includeInIndex = 1; lastKnownFileType = sourcecode.swift; name = SleepUpdateGate.swift; path = SulavSleep/SleepUpdateGate.swift; sourceTree = "<group>"; };
		F1FEA70000000000000000A1 /* SleepFeatureRequests.swift */ = {isa = PBXFileReference; includeInIndex = 1; lastKnownFileType = sourcecode.swift; name = SleepFeatureRequests.swift; path = SulavSleep/SleepFeatureRequests.swift; sourceTree = "<group>"; };
		F100000000000000000000F1 /* SleepScreenTime.swift */ = {isa = PBXFileReference; includeInIndex = 1; lastKnownFileType = sourcecode.swift; name = SleepScreenTime.swift; path = SulavSleep/SleepScreenTime.swift; sourceTree = "<group>"; };
		F100000000000000000FF1 /* SleepLockdownKeys.swift */ = {isa = PBXFileReference; includeInIndex = 1; lastKnownFileType = sourcecode.swift; name = SleepLockdownKeys.swift; path = SulavSleep/SleepLockdownKeys.swift; sourceTree = "<group>"; };
		F100000000000000000FF3 /* SleepReasonsView.swift */ = {isa = PBXFileReference; includeInIndex = 1; lastKnownFileType = sourcecode.swift; name = SleepReasonsView.swift; path = SulavSleep/SleepReasonsView.swift; sourceTree = "<group>"; };
		F100000000000000000FF5 /* SleepWindDownView.swift */ = {isa = PBXFileReference; includeInIndex = 1; lastKnownFileType = sourcecode.swift; name = SleepWindDownView.swift; path = SulavSleep/SleepWindDownView.swift; sourceTree = "<group>"; };
		F100000000000000000FA1 /* SleepLockdownShared.swift */ = {isa = PBXFileReference; includeInIndex = 1; lastKnownFileType = sourcecode.swift; name = SleepLockdownShared.swift; path = SulavSleep/SleepLockdownShared.swift; sourceTree = "<group>"; };
		F100000000000000000FB1 /* SleepActivityAttributes.swift */ = {isa = PBXFileReference; includeInIndex = 1; lastKnownFileType = sourcecode.swift; name = SleepActivityAttributes.swift; path = SulavSleep/SleepActivityAttributes.swift; sourceTree = "<group>"; };
		F100000000000000000FC1 /* SleepLiveActivity.swift */ = {isa = PBXFileReference; includeInIndex = 1; lastKnownFileType = sourcecode.swift; name = SleepLiveActivity.swift; path = SulavSleep/SleepLiveActivity.swift; sourceTree = "<group>"; };
		F100000000000000000FD1 /* SleepAssetCache.swift */ = {isa = PBXFileReference; includeInIndex = 1; lastKnownFileType = sourcecode.swift; name = SleepAssetCache.swift; path = SulavSleep/SleepAssetCache.swift; sourceTree = "<group>"; };
		F100000000000000000FE1 /* SleepConfirmationPanel.swift */ = {isa = PBXFileReference; includeInIndex = 1; lastKnownFileType = sourcecode.swift; name = SleepConfirmationPanel.swift; path = SulavSleep/SleepConfirmationPanel.swift; sourceTree = "<group>"; };
		F900000000000000000000B1 /* SleepCloudService.swift */ = {isa = PBXFileReference; includeInIndex = 1; lastKnownFileType = sourcecode.swift; name = SleepCloudService.swift; path = SulavSleep/SleepCloudService.swift; sourceTree = "<group>"; };
		F400000000000000000000A2 /* SulavSleepWidgetExtension.appex */ = {isa = PBXFileReference; explicitFileType = "wrapper.app-extension"; includeInIndex = 0; path = SulavSleepWidgetExtension.appex; sourceTree = BUILT_PRODUCTS_DIR; };
		F400000000000000000000B1 /* SulavSleepWidget.swift */ = {isa = PBXFileReference; lastKnownFileType = sourcecode.swift; name = SulavSleepWidget.swift; path = SulavSleepWidget/SulavSleepWidget.swift; sourceTree = "<group>"; };
		F400000000000000000000B2 /* Info.plist */ = {isa = PBXFileReference; lastKnownFileType = text.plist.xml; name = Info.plist; path = SulavSleepWidget/Info.plist; sourceTree = "<group>"; };
		F400000000000000000000B3 /* SulavSleepWidget.entitlements */ = {isa = PBXFileReference; lastKnownFileType = text.plist.entitlements; name = SulavSleepWidget.entitlements; path = SulavSleepWidget/SulavSleepWidget.entitlements; sourceTree = "<group>"; };
		F400000000000000000000B4 /* SulavSleepLiveActivity.swift */ = {isa = PBXFileReference; lastKnownFileType = sourcecode.swift; name = SulavSleepLiveActivity.swift; path = SulavSleepWidget/SulavSleepLiveActivity.swift; sourceTree = "<group>"; };
		F400000000000000000000E1 /* WidgetAssets.xcassets */ = {isa = PBXFileReference; lastKnownFileType = folder.assetcatalog; name = WidgetAssets.xcassets; path = SulavSleepWidget/WidgetAssets.xcassets; sourceTree = "<group>"; };
		F500000000000000000000A2 /* SulavSleepMonitor.appex */ = {isa = PBXFileReference; explicitFileType = "wrapper.app-extension"; includeInIndex = 0; path = SulavSleepMonitor.appex; sourceTree = BUILT_PRODUCTS_DIR; };
		F500000000000000000000B1 /* SulavSleepMonitor.swift */ = {isa = PBXFileReference; lastKnownFileType = sourcecode.swift; name = SulavSleepMonitor.swift; path = SulavSleepMonitor/SulavSleepMonitor.swift; sourceTree = "<group>"; };
		F500000000000000000000B2 /* Info.plist */ = {isa = PBXFileReference; lastKnownFileType = text.plist.xml; name = Info.plist; path = SulavSleepMonitor/Info.plist; sourceTree = "<group>"; };
		F500000000000000000000B3 /* SulavSleepMonitor.entitlements */ = {isa = PBXFileReference; lastKnownFileType = text.plist.entitlements; name = SulavSleepMonitor.entitlements; path = SulavSleepMonitor/SulavSleepMonitor.entitlements; sourceTree = "<group>"; };
		F500000000000000000000B4 /* SulavSleepMonitor-device.entitlements */ = {isa = PBXFileReference; lastKnownFileType = text.plist.entitlements; name = "SulavSleepMonitor-device.entitlements"; path = "SulavSleepMonitor/SulavSleepMonitor-device.entitlements"; sourceTree = "<group>"; };
		F600000000000000000000A2 /* SulavSleepShieldConfig.appex */ = {isa = PBXFileReference; explicitFileType = "wrapper.app-extension"; includeInIndex = 0; path = SulavSleepShieldConfig.appex; sourceTree = BUILT_PRODUCTS_DIR; };
		F600000000000000000000B1 /* ShieldConfigProvider.swift */ = {isa = PBXFileReference; lastKnownFileType = sourcecode.swift; name = ShieldConfigProvider.swift; path = SulavSleepShieldConfig/ShieldConfigProvider.swift; sourceTree = "<group>"; };
		F600000000000000000000B2 /* Info.plist */ = {isa = PBXFileReference; lastKnownFileType = text.plist.xml; name = Info.plist; path = SulavSleepShieldConfig/Info.plist; sourceTree = "<group>"; };
		F600000000000000000000B3 /* SulavSleepShieldConfig.entitlements */ = {isa = PBXFileReference; lastKnownFileType = text.plist.entitlements; name = SulavSleepShieldConfig.entitlements; path = SulavSleepShieldConfig/SulavSleepShieldConfig.entitlements; sourceTree = "<group>"; };
		F600000000000000000000B4 /* SulavSleepShieldConfig-device.entitlements */ = {isa = PBXFileReference; lastKnownFileType = text.plist.entitlements; name = "SulavSleepShieldConfig-device.entitlements"; path = "SulavSleepShieldConfig/SulavSleepShieldConfig-device.entitlements"; sourceTree = "<group>"; };
		F600000000000000000000B5 /* ShieldSloth.png */ = {isa = PBXFileReference; lastKnownFileType = image.png; name = ShieldSloth.png; path = SulavSleepShieldConfig/ShieldSloth.png; sourceTree = "<group>"; };
		F700000000000000000000A2 /* SulavSleepShieldAction.appex */ = {isa = PBXFileReference; explicitFileType = "wrapper.app-extension"; includeInIndex = 0; path = SulavSleepShieldAction.appex; sourceTree = BUILT_PRODUCTS_DIR; };
		F700000000000000000000B1 /* ShieldActionHandler.swift */ = {isa = PBXFileReference; lastKnownFileType = sourcecode.swift; name = ShieldActionHandler.swift; path = SulavSleepShieldAction/ShieldActionHandler.swift; sourceTree = "<group>"; };
		F700000000000000000000B2 /* Info.plist */ = {isa = PBXFileReference; lastKnownFileType = text.plist.xml; name = Info.plist; path = SulavSleepShieldAction/Info.plist; sourceTree = "<group>"; };
		F700000000000000000000B3 /* SulavSleepShieldAction.entitlements */ = {isa = PBXFileReference; lastKnownFileType = text.plist.entitlements; name = SulavSleepShieldAction.entitlements; path = SulavSleepShieldAction/SulavSleepShieldAction.entitlements; sourceTree = "<group>"; };
		F700000000000000000000B4 /* SulavSleepShieldAction-device.entitlements */ = {isa = PBXFileReference; lastKnownFileType = text.plist.entitlements; name = "SulavSleepShieldAction-device.entitlements"; path = "SulavSleepShieldAction/SulavSleepShieldAction-device.entitlements"; sourceTree = "<group>"; };
		F5DB00420EA2535786E040A3 /* Secrets.xcconfig */ = {isa = PBXFileReference; includeInIndex = 1; lastKnownFileType = text.xcconfig; path = SulavSleep/Secrets.xcconfig; sourceTree = "<group>"; };
		F69F492AFB4609915E10F59C /* SleepTheme.swift */ = {isa = PBXFileReference; includeInIndex = 1; lastKnownFileType = sourcecode.swift; name = SleepTheme.swift; path = SulavSleep/SleepTheme.swift; sourceTree = "<group>"; };
/* End PBXFileReference section */

/* Begin PBXFrameworksBuildPhase section */
		13B07F8C1A680F5B00A75B9A /* Frameworks */ = {
			isa = PBXFrameworksBuildPhase;
			buildActionMask = 2147483647;
			files = (
				1A87176D73C3EE6C7051ACFD /* Supabase in Frameworks */,
				7C0000000000000000000003 /* RevenueCat in Frameworks */,
				7D0000000000000000000003 /* TikTokBusinessSDK in Frameworks */,
			);
			runOnlyForDeploymentPostprocessing = 0;
		};
		F400000000000000000000A4 /* Frameworks */ = {
			isa = PBXFrameworksBuildPhase;
			buildActionMask = 2147483647;
			files = (
			);
			runOnlyForDeploymentPostprocessing = 0;
		};
		F500000000000000000000A4 /* Frameworks */ = {
			isa = PBXFrameworksBuildPhase;
			buildActionMask = 2147483647;
			files = (
			);
			runOnlyForDeploymentPostprocessing = 0;
		};
/* End PBXFrameworksBuildPhase section */

/* Begin PBXGroup section */
		13B07FAE1A68108700A75B9A /* SulavSleep */ = {
			isa = PBXGroup;
			children = (
				BB2F792B24A3F905000567C9 /* Supporting */,
				13B07FB51A68108700A75B9A /* Images.xcassets */,
				13B07FB61A68108700A75B9A /* Info.plist */,
				AA286B85B6C04FC6940260E9 /* SplashScreen.storyboard */,
				9EC3E675CCE9C41BC01DFFAE /* PrivacyInfo.xcprivacy */,
				BE73361F00ABDB639ED1D41A /* AppDelegate.swift */,
				314F2F155CF97AAF34DA0A4C /* HomeView.swift */,
				512730D266670DD636BD803A /* LiquidGlass.swift */,
				F100000000000000000000A1 /* Log.swift */,
				F100000000000000000000B1 /* SleepHealthKit.swift */,
				9234E0E1693C0FC11F33BD3A /* OnboardingView.swift */,
				F0E16E05E315F1EE37C03F9C /* ProfileView.swift */,
				EBB2CED1004A6A08D5A70F24 /* RootView.swift */,
				9F4311BA03CAD3F576F79BFC /* SleepBackground.swift */,
				F100000000000000000000D1 /* SleepModeView.swift */,
				F100000000000000000000E1 /* SleepWidgetShared.swift */,
				F1DA7E0000000000000000A1 /* SleepUpdateGate.swift */,
				F1FEA70000000000000000A1 /* SleepFeatureRequests.swift */,
				F100000000000000000000F1 /* SleepScreenTime.swift */,
				F100000000000000000FF1 /* SleepLockdownKeys.swift */,
				F100000000000000000FF3 /* SleepReasonsView.swift */,
				F100000000000000000FF5 /* SleepWindDownView.swift */,
				F100000000000000000FA1 /* SleepLockdownShared.swift */,
				F100000000000000000FB1 /* SleepActivityAttributes.swift */,
				F100000000000000000FD1 /* SleepAssetCache.swift */,
				F100000000000000000FE1 /* SleepConfirmationPanel.swift */,
				F100000000000000000FC1 /* SleepLiveActivity.swift */,
				316EF63C74A39E0CE6D1D1BE /* SleepFormatting.swift */,
				116765E93C9E1F418AE0CB6A /* SleepIntents.swift */,
				740A33B6E6D4861DF61CFBB1 /* SleepModels.swift */,
				2248DEAF235A937EB6B1B2C7 /* SleepStore.swift */,
				F100000000000000000ST1 /* SleepStreak.swift */,
				F100000000000000000RF1 /* SleepReferral.swift */,
				F100000000000000000RF3 /* SleepPartnerView.swift */,
				7C0000000000000000000012 /* SleepSubscription.swift */,
				7C0000000000000000000014 /* PaywallView.swift */,
				7D0000000000000000000014 /* SleepTikTok.swift */,
				F69F492AFB4609915E10F59C /* SleepTheme.swift */,
				F5DB00420EA2535786E040A3 /* Secrets.xcconfig */,
				907CE4E59D34D87F2C5A0321 /* AuthView.swift */,
				13CAC730E7CB269B04C769A7 /* Auth */,
				F900000000000000000000B1 /* SleepCloudService.swift */,
			);
			name = SulavSleep;
			sourceTree = "<group>";
		};
		13CAC730E7CB269B04C769A7 /* Auth */ = {
			isa = PBXGroup;
			children = (
				C52EBB56370FEA8572A95B0A /* AuthModels.swift */,
				DE33A1B5EFCF17C5AC73271C /* SupabaseAuthClient.swift */,
			);
			name = Auth;
			sourceTree = "<group>";
		};
		832341AE1AAA6A7D00B99B32 /* Libraries */ = {
			isa = PBXGroup;
			children = (
			);
			name = Libraries;
			sourceTree = "<group>";
		};
		83CBB9F61A601CBA00E9B192 = {
			isa = PBXGroup;
			children = (
				13B07FAE1A68108700A75B9A /* SulavSleep */,
				F400000000000000000000A0 /* SulavSleepWidget */,
				F500000000000000000000A0 /* SulavSleepMonitor */,
				F600000000000000000000A0 /* SulavSleepShieldConfig */,
				F700000000000000000000A0 /* SulavSleepShieldAction */,
				832341AE1AAA6A7D00B99B32 /* Libraries */,
				83CBBA001A601CBA00E9B192 /* Products */,
			);
			indentWidth = 2;
			sourceTree = "<group>";
			tabWidth = 2;
			usesTabs = 0;
		};
		83CBBA001A601CBA00E9B192 /* Products */ = {
			isa = PBXGroup;
			children = (
				13B07F961A680F5B00A75B9A /* SulavSleep.app */,
				F400000000000000000000A2 /* SulavSleepWidgetExtension.appex */,
				F500000000000000000000A2 /* SulavSleepMonitor.appex */,
				F600000000000000000000A2 /* SulavSleepShieldConfig.appex */,
				F700000000000000000000A2 /* SulavSleepShieldAction.appex */,
			);
			name = Products;
			sourceTree = "<group>";
		};
		BB2F792B24A3F905000567C9 /* Supporting */ = {
			isa = PBXGroup;
			children = (
			);
			name = Supporting;
			path = SulavSleep/Supporting;
			sourceTree = "<group>";
		};
		F400000000000000000000A0 /* SulavSleepWidget */ = {
			isa = PBXGroup;
			children = (
				F400000000000000000000B1 /* SulavSleepWidget.swift */,
				F400000000000000000000B4 /* SulavSleepLiveActivity.swift */,
				F400000000000000000000E1 /* WidgetAssets.xcassets */,
				F400000000000000000000B2 /* Info.plist */,
				F400000000000000000000B3 /* SulavSleepWidget.entitlements */,
			);
			name = SulavSleepWidget;
			sourceTree = "<group>";
		};
		F500000000000000000000A0 /* SulavSleepMonitor */ = {
			isa = PBXGroup;
			children = (
				F500000000000000000000B1 /* SulavSleepMonitor.swift */,
				F500000000000000000000B2 /* Info.plist */,
				F500000000000000000000B3 /* SulavSleepMonitor.entitlements */,
				F500000000000000000000B4 /* SulavSleepMonitor-device.entitlements */,
			);
			name = SulavSleepMonitor;
			sourceTree = "<group>";
		};
		F600000000000000000000A0 /* SulavSleepShieldConfig */ = {
			isa = PBXGroup;
			children = (
				F600000000000000000000B1 /* ShieldConfigProvider.swift */,
				F600000000000000000000B5 /* ShieldSloth.png */,
				F600000000000000000000B2 /* Info.plist */,
				F600000000000000000000B3 /* SulavSleepShieldConfig.entitlements */,
				F600000000000000000000B4 /* SulavSleepShieldConfig-device.entitlements */,
			);
			name = SulavSleepShieldConfig;
			sourceTree = "<group>";
		};
		F700000000000000000000A0 /* SulavSleepShieldAction */ = {
			isa = PBXGroup;
			children = (
				F700000000000000000000B1 /* ShieldActionHandler.swift */,
				F700000000000000000000B2 /* Info.plist */,
				F700000000000000000000B3 /* SulavSleepShieldAction.entitlements */,
				F700000000000000000000B4 /* SulavSleepShieldAction-device.entitlements */,
			);
			name = SulavSleepShieldAction;
			sourceTree = "<group>";
		};
/* End PBXGroup section */

/* Begin PBXNativeTarget section */
		13B07F861A680F5B00A75B9A /* SulavSleep */ = {
			isa = PBXNativeTarget;
			buildConfigurationList = 13B07F931A680F5B00A75B9A /* Build configuration list for PBXNativeTarget "SulavSleep" */;
			buildPhases = (
				F800000000000000000000B1 /* Guard Release Secrets */,
				13B07F871A680F5B00A75B9A /* Sources */,
				13B07F8C1A680F5B00A75B9A /* Frameworks */,
				13B07F8E1A680F5B00A75B9A /* Resources */,
				F400000000000000000000AB /* Embed Foundation Extensions */,
			);
			buildRules = (
			);
			dependencies = (
				F400000000000000000000A9 /* PBXTargetDependency */,
				F500000000000000000000A9 /* PBXTargetDependency */,
				F600000000000000000000A9 /* PBXTargetDependency */,
				F700000000000000000000A9 /* PBXTargetDependency */,
			);
			name = SulavSleep;
			packageProductDependencies = (
				71DA860F9B70BD0D45CF7857 /* Supabase */,
				7C0000000000000000000002 /* RevenueCat */,
				7D0000000000000000000002 /* TikTokBusinessSDK */,
			);
			productName = SulavSleep;
			productReference = 13B07F961A680F5B00A75B9A /* SulavSleep.app */;
			productType = "com.apple.product-type.application";
		};
		F400000000000000000000A1 /* SulavSleepWidgetExtension */ = {
			isa = PBXNativeTarget;
			buildConfigurationList = F400000000000000000000A6 /* Build configuration list for PBXNativeTarget "SulavSleepWidgetExtension" */;
			buildPhases = (
				F400000000000000000000A3 /* Sources */,
				F400000000000000000000A4 /* Frameworks */,
				F400000000000000000000E3 /* Resources */,
			);
			buildRules = (
			);
			dependencies = (
			);
			name = SulavSleepWidgetExtension;
			productName = SulavSleepWidgetExtension;
			productReference = F400000000000000000000A2 /* SulavSleepWidgetExtension.appex */;
			productType = "com.apple.product-type.app-extension";
		};
		F500000000000000000000A1 /* SulavSleepMonitor */ = {
			isa = PBXNativeTarget;
			buildConfigurationList = F500000000000000000000A6 /* Build configuration list for PBXNativeTarget "SulavSleepMonitor" */;
			buildPhases = (
				F500000000000000000000A3 /* Sources */,
				F500000000000000000000A4 /* Frameworks */,
			);
			buildRules = (
			);
			dependencies = (
			);
			name = SulavSleepMonitor;
			productName = SulavSleepMonitor;
			productReference = F500000000000000000000A2 /* SulavSleepMonitor.appex */;
			productType = "com.apple.product-type.app-extension";
		};
		F600000000000000000000A1 /* SulavSleepShieldConfig */ = {
			isa = PBXNativeTarget;
			buildConfigurationList = F600000000000000000000A6 /* Build configuration list for PBXNativeTarget "SulavSleepShieldConfig" */;
			buildPhases = (
				F600000000000000000000A3 /* Sources */,
				F600000000000000000000A4 /* Frameworks */,
				F600000000000000000000A5 /* Resources */,
			);
			buildRules = (
			);
			dependencies = (
			);
			name = SulavSleepShieldConfig;
			productName = SulavSleepShieldConfig;
			productReference = F600000000000000000000A2 /* SulavSleepShieldConfig.appex */;
			productType = "com.apple.product-type.app-extension";
		};
		F700000000000000000000A1 /* SulavSleepShieldAction */ = {
			isa = PBXNativeTarget;
			buildConfigurationList = F700000000000000000000A6 /* Build configuration list for PBXNativeTarget "SulavSleepShieldAction" */;
			buildPhases = (
				F700000000000000000000A3 /* Sources */,
				F700000000000000000000A4 /* Frameworks */,
			);
			buildRules = (
			);
			dependencies = (
			);
			name = SulavSleepShieldAction;
			productName = SulavSleepShieldAction;
			productReference = F700000000000000000000A2 /* SulavSleepShieldAction.appex */;
			productType = "com.apple.product-type.app-extension";
		};
/* End PBXNativeTarget section */

/* Begin PBXProject section */
		83CBB9F71A601CBA00E9B192 /* Project object */ = {
			isa = PBXProject;
			attributes = {
				LastUpgradeCheck = 1130;
				TargetAttributes = {
					13B07F861A680F5B00A75B9A = {
						DevelopmentTeam = 6LYZDNCM4M;
						LastSwiftMigration = 1250;
						ProvisioningStyle = Automatic;
					};
					F200000000000000000000A1 = {
						CreatedOnToolsVersion = 26.5;
						ProvisioningStyle = Automatic;
						TestTargetID = 13B07F861A680F5B00A75B9A;
					};
					F300000000000000000000A1 = {
						CreatedOnToolsVersion = 26.5;
						ProvisioningStyle = Automatic;
						TestTargetID = 13B07F861A680F5B00A75B9A;
					};
					F400000000000000000000A1 = {
						CreatedOnToolsVersion = 26.5;
						DevelopmentTeam = 6LYZDNCM4M;
						ProvisioningStyle = Automatic;
					};
					F500000000000000000000A1 = {
						CreatedOnToolsVersion = 26.5;
						DevelopmentTeam = 6LYZDNCM4M;
						ProvisioningStyle = Automatic;
					};
					F600000000000000000000A1 = {
						CreatedOnToolsVersion = 26.5;
						DevelopmentTeam = 6LYZDNCM4M;
						ProvisioningStyle = Automatic;
					};
					F700000000000000000000A1 = {
						CreatedOnToolsVersion = 26.5;
						DevelopmentTeam = 6LYZDNCM4M;
						ProvisioningStyle = Automatic;
					};
				};
			};
			buildConfigurationList = 83CBB9FA1A601CBA00E9B192 /* Build configuration list for PBXProject "SulavSleep" */;
			compatibilityVersion = "Xcode 3.2";
			developmentRegion = en;
			hasScannedForEncodings = 0;
			knownRegions = (
				en,
				Base,
			);
			mainGroup = 83CBB9F61A601CBA00E9B192;
			packageReferences = (
				2F49F75CF32564D69E719168 /* XCRemoteSwiftPackageReference "supabase-swift" */,
				7C0000000000000000000001 /* XCRemoteSwiftPackageReference "purchases-ios-spm" */,
				7D0000000000000000000001 /* XCRemoteSwiftPackageReference "tiktok-business-ios-sdk" */,
			);
			productRefGroup = 83CBBA001A601CBA00E9B192 /* Products */;
			projectDirPath = "";
			projectRoot = "";
			targets = (
				13B07F861A680F5B00A75B9A /* SulavSleep */,
				F400000000000000000000A1 /* SulavSleepWidgetExtension */,
				F500000000000000000000A1 /* SulavSleepMonitor */,
				F600000000000000000000A1 /* SulavSleepShieldConfig */,
				F700000000000000000000A1 /* SulavSleepShieldAction */,
			);
		};
/* End PBXProject section */

/* Begin PBXResourcesBuildPhase section */
		13B07F8E1A680F5B00A75B9A /* Resources */ = {
			isa = PBXResourcesBuildPhase;
			buildActionMask = 2147483647;
			files = (
				13B07FBF1A68108700A75B9A /* Images.xcassets in Resources */,
				3E461D99554A48A4959DE609 /* SplashScreen.storyboard in Resources */,
				83B718F7C4B4F234291D6F95 /* PrivacyInfo.xcprivacy in Resources */,
			);
			runOnlyForDeploymentPostprocessing = 0;
		};
		F400000000000000000000E3 /* Resources */ = {
			isa = PBXResourcesBuildPhase;
			buildActionMask = 2147483647;
			files = (
				F400000000000000000000E2 /* WidgetAssets.xcassets in Resources */,
			);
			runOnlyForDeploymentPostprocessing = 0;
		};
		F600000000000000000000A5 /* Resources */ = {
			isa = PBXResourcesBuildPhase;
			buildActionMask = 2147483647;
			files = (
				F600000000000000000000B6 /* ShieldSloth.png in Resources */,
			);
			runOnlyForDeploymentPostprocessing = 0;
		};
/* End PBXResourcesBuildPhase section */

/* Begin PBXShellScriptBuildPhase section */
		F800000000000000000000B1 /* Guard Release Secrets */ = {
			isa = PBXShellScriptBuildPhase;
			alwaysOutOfDate = 1;
			buildActionMask = 2147483647;
			files = (
			);
			inputPaths = (
			);
			name = "Guard Release Secrets";
			outputPaths = (
			);
			runOnlyForDeploymentPostprocessing = 0;
			shellPath = /bin/sh;
			shellScript = "# Fail fast when a Release build is about to ship without its service keys.\n# An empty REVENUECAT_API_KEY silently disables the paywall (dev mode grants\n# everyone the pro entitlement) and empty Supabase keys break auth \u2014 neither\n# errors at runtime. Keys come from Config.xcconfig (gitignored; see\n# docs/auth-setup.md), so any machine without it must not produce a Release build.\nif [ \"$CONFIGURATION\" = \"Release\" ]; then\n  for key in REVENUECAT_API_KEY SUPABASE_URL SUPABASE_ANON_KEY APPLE_APP_ID TIKTOK_APP_ID TIKTOK_ACCESS_TOKEN; do\n    if [ -z \"$(eval echo \\\"\\$$key\\\")\" ]; then\n      echo \"error: $key is empty in a Release build. Create ios/SulavSleep/Config.xcconfig from Config.xcconfig.example (docs/auth-setup.md) \u2014 shipping without it would disable the paywall, break auth, or silently report no ad events.\"\n      exit 1\n    fi\n  done\nfi\n";
		};
/* End PBXShellScriptBuildPhase section */

/* Begin PBXSourcesBuildPhase section */
		13B07F871A680F5B00A75B9A /* Sources */ = {
			isa = PBXSourcesBuildPhase;
			buildActionMask = 2147483647;
			files = (
				1E5168B98C242B90B04B7D9C /* AppDelegate.swift in Sources */,
				F100000000000000000000A2 /* Log.swift in Sources */,
				F100000000000000000000B2 /* SleepHealthKit.swift in Sources */,
				09AFEF368C3AA0418E7EE898 /* HomeView.swift in Sources */,
				198E5870D78A269255C9D9C1 /* LiquidGlass.swift in Sources */,
				47501ABFFD25AA9B7048E27C /* OnboardingView.swift in Sources */,
				30ABD308DAB8167D795A2D9D /* ProfileView.swift in Sources */,
				93BACAE13B0502CF9AD5202A /* RootView.swift in Sources */,
				77C469E0A58F15200C2E9F6E /* SleepBackground.swift in Sources */,
				F100000000000000000000D2 /* SleepModeView.swift in Sources */,
				F100000000000000000000E2 /* SleepWidgetShared.swift in Sources */,
				F1DA7E0000000000000000A2 /* SleepUpdateGate.swift in Sources */,
				F1FEA70000000000000000A2 /* SleepFeatureRequests.swift in Sources */,
				F100000000000000000000F2 /* SleepScreenTime.swift in Sources */,
				F100000000000000000FA2 /* SleepLockdownShared.swift in Sources */,
				F100000000000000000FF6 /* SleepWindDownView.swift in Sources */,
				F100000000000000000FF4 /* SleepReasonsView.swift in Sources */,
				F100000000000000000FF2 /* SleepLockdownKeys.swift in Sources */,
				F100000000000000000FB2 /* SleepActivityAttributes.swift in Sources */,
				F100000000000000000FD2 /* SleepAssetCache.swift in Sources */,
				F100000000000000000FE2 /* SleepConfirmationPanel.swift in Sources */,
				F100000000000000000FC2 /* SleepLiveActivity.swift in Sources */,
				AB28ABECC3ED7A36A911D0C8 /* SleepFormatting.swift in Sources */,
				CC3D146C5EAF5AB2266E9E6D /* SleepIntents.swift in Sources */,
				05AC2F4B7D3F4F3896894861 /* SleepModels.swift in Sources */,
				FA831C765CABBEF773CE99ED /* SleepStore.swift in Sources */,
				F100000000000000000ST2 /* SleepStreak.swift in Sources */,
				F100000000000000000RF2 /* SleepReferral.swift in Sources */,
				F100000000000000000RF4 /* SleepPartnerView.swift in Sources */,
				7C0000000000000000000013 /* SleepSubscription.swift in Sources */,
				7C0000000000000000000015 /* PaywallView.swift in Sources */,
				7D0000000000000000000015 /* SleepTikTok.swift in Sources */,
				9741BE20E4028E51160BDC75 /* SleepTheme.swift in Sources */,
				60E68C3ACCC4786FCD348BFF /* AuthView.swift in Sources */,
				2C9E3A52E958468A363D1635 /* AuthModels.swift in Sources */,
				7114F43B85E6E229559E5013 /* SupabaseAuthClient.swift in Sources */,
				F900000000000000000000B2 /* SleepCloudService.swift in Sources */,
			);
			runOnlyForDeploymentPostprocessing = 0;
		};
		F400000000000000000000A3 /* Sources */ = {
			isa = PBXSourcesBuildPhase;
			buildActionMask = 2147483647;
			files = (
				F400000000000000000000C1 /* SulavSleepWidget.swift in Sources */,
				F400000000000000000000C2 /* SleepWidgetShared.swift in Sources */,
				F400000000000000000000C3 /* SleepTheme.swift in Sources */,
				F400000000000000000000C4 /* SleepFormatting.swift in Sources */,
				F400000000000000000000C5 /* SleepActivityAttributes.swift in Sources */,
				F400000000000000000000C6 /* SulavSleepLiveActivity.swift in Sources */,
				F400000000000000000000C7 /* SleepStreak.swift in Sources */,
			);
			runOnlyForDeploymentPostprocessing = 0;
		};
		F500000000000000000000A3 /* Sources */ = {
			isa = PBXSourcesBuildPhase;
			buildActionMask = 2147483647;
			files = (
				F500000000000000000000C1 /* SulavSleepMonitor.swift in Sources */,
				F500000000000000000000C2 /* SleepLockdownShared.swift in Sources */,
				F500000000000000000000C4 /* SleepLockdownKeys.swift in Sources */,
				F500000000000000000000C3 /* SleepWidgetShared.swift in Sources */,
			);
			runOnlyForDeploymentPostprocessing = 0;
		};
		F600000000000000000000A3 /* Sources */ = {
			isa = PBXSourcesBuildPhase;
			buildActionMask = 2147483647;
			files = (
				F600000000000000000000C1 /* ShieldConfigProvider.swift in Sources */,
				F600000000000000000000C2 /* SleepLockdownKeys.swift in Sources */,
			);
			runOnlyForDeploymentPostprocessing = 0;
		};
		F600000000000000000000A4 /* Frameworks */ = {
			isa = PBXFrameworksBuildPhase;
			buildActionMask = 2147483647;
			files = (
			);
			runOnlyForDeploymentPostprocessing = 0;
		};
		F700000000000000000000A3 /* Sources */ = {
			isa = PBXSourcesBuildPhase;
			buildActionMask = 2147483647;
			files = (
				F700000000000000000000C1 /* ShieldActionHandler.swift in Sources */,
				F700000000000000000000C2 /* SleepLockdownKeys.swift in Sources */,
			);
			runOnlyForDeploymentPostprocessing = 0;
		};
		F700000000000000000000A4 /* Frameworks */ = {
			isa = PBXFrameworksBuildPhase;
			buildActionMask = 2147483647;
			files = (
			);
			runOnlyForDeploymentPostprocessing = 0;
		};
/* End PBXSourcesBuildPhase section */

/* Begin PBXTargetDependency section */
		F400000000000000000000A9 /* PBXTargetDependency */ = {
			isa = PBXTargetDependency;
			target = F400000000000000000000A1 /* SulavSleepWidgetExtension */;
			targetProxy = F400000000000000000000AA /* PBXContainerItemProxy */;
		};
		F500000000000000000000A9 /* PBXTargetDependency */ = {
			isa = PBXTargetDependency;
			target = F500000000000000000000A1 /* SulavSleepMonitor */;
			targetProxy = F500000000000000000000AA /* PBXContainerItemProxy */;
		};
		F600000000000000000000A9 /* PBXTargetDependency */ = {
			isa = PBXTargetDependency;
			target = F600000000000000000000A1 /* SulavSleepShieldConfig */;
			targetProxy = F600000000000000000000AA /* PBXContainerItemProxy */;
		};
		F700000000000000000000A9 /* PBXTargetDependency */ = {
			isa = PBXTargetDependency;
			target = F700000000000000000000A1 /* SulavSleepShieldAction */;
			targetProxy = F700000000000000000000AA /* PBXContainerItemProxy */;
		};
/* End PBXTargetDependency section */

/* Begin XCBuildConfiguration section */
		13B07F941A680F5B00A75B9A /* Debug */ = {
			isa = XCBuildConfiguration;
			baseConfigurationReference = F5DB00420EA2535786E040A3 /* Secrets.xcconfig */;
			buildSettings = {
				ASSETCATALOG_COMPILER_APPICON_NAME = AppIcon;
				CLANG_ENABLE_MODULES = YES;
				CODE_SIGN_ENTITLEMENTS = SulavSleep/SulavSleep.entitlements;
				"CODE_SIGN_ENTITLEMENTS[sdk=iphoneos*]" = "SulavSleep/SulavSleep-device.entitlements";
				CODE_SIGN_STYLE = Automatic;
				CURRENT_PROJECT_VERSION = 1;
				DEVELOPMENT_TEAM = 6LYZDNCM4M;
				ENABLE_BITCODE = NO;
				GENERATE_INFOPLIST_FILE = NO;
				INFOPLIST_FILE = SulavSleep/Info.plist;
				IPHONEOS_DEPLOYMENT_TARGET = 17.0;
				LD_RUNPATH_SEARCH_PATHS = (
					"$(inherited)",
					"@executable_path/Frameworks",
				);
				MACOSX_DEPLOYMENT_TARGET = 13.4;
				MARKETING_VERSION = 1.0;
				PRODUCT_BUNDLE_IDENTIFIER = com.sulav.sleepblock;
				PRODUCT_NAME = SulavSleep;
				SWIFT_OPTIMIZATION_LEVEL = "-Onone";
				SWIFT_VERSION = 5.0;
				TARGETED_DEVICE_FAMILY = "1,2";
				VERSIONING_SYSTEM = "apple-generic";
			};
			name = Debug;
		};
		13B07F951A680F5B00A75B9A /* Release */ = {
			isa = XCBuildConfiguration;
			baseConfigurationReference = F5DB00420EA2535786E040A3 /* Secrets.xcconfig */;
			buildSettings = {
				ASSETCATALOG_COMPILER_APPICON_NAME = AppIcon;
				CLANG_ENABLE_MODULES = YES;
				CODE_SIGN_ENTITLEMENTS = SulavSleep/SulavSleep.entitlements;
				"CODE_SIGN_ENTITLEMENTS[sdk=iphoneos*]" = "SulavSleep/SulavSleep-device.entitlements";
				CODE_SIGN_STYLE = Automatic;
				CURRENT_PROJECT_VERSION = 1;
				DEVELOPMENT_TEAM = 6LYZDNCM4M;
				GENERATE_INFOPLIST_FILE = NO;
				INFOPLIST_FILE = SulavSleep/Info.plist;
				IPHONEOS_DEPLOYMENT_TARGET = 17.0;
				LD_RUNPATH_SEARCH_PATHS = (
					"$(inherited)",
					"@executable_path/Frameworks",
				);
				MACOSX_DEPLOYMENT_TARGET = 13.4;
				MARKETING_VERSION = 1.0;
				PRODUCT_BUNDLE_IDENTIFIER = com.sulav.sleepblock;
				PRODUCT_NAME = SulavSleep;
				SWIFT_VERSION = 5.0;
				TARGETED_DEVICE_FAMILY = "1,2";
				VERSIONING_SYSTEM = "apple-generic";
			};
			name = Release;
		};
		83CBBA201A601CBA00E9B192 /* Debug */ = {
			isa = XCBuildConfiguration;
			buildSettings = {
				ALWAYS_SEARCH_USER_PATHS = NO;
				CLANG_ANALYZER_LOCALIZABILITY_NONLOCALIZED = YES;
				CLANG_CXX_LANGUAGE_STANDARD = "c++20";
				CLANG_CXX_LIBRARY = "libc++";
				CLANG_ENABLE_MODULES = YES;
				CLANG_ENABLE_OBJC_ARC = YES;
				CLANG_WARN_BLOCK_CAPTURE_AUTORELEASING = YES;
				CLANG_WARN_BOOL_CONVERSION = YES;
				CLANG_WARN_COMMA = YES;
				CLANG_WARN_CONSTANT_CONVERSION = YES;
				CLANG_WARN_DEPRECATED_OBJC_IMPLEMENTATIONS = YES;
				CLANG_WARN_DIRECT_OBJC_ISA_USAGE = YES_ERROR;
				CLANG_WARN_EMPTY_BODY = YES;
				CLANG_WARN_ENUM_CONVERSION = YES;
				CLANG_WARN_INFINITE_RECURSION = YES;
				CLANG_WARN_INT_CONVERSION = YES;
				CLANG_WARN_NON_LITERAL_NULL_CONVERSION = YES;
				CLANG_WARN_OBJC_IMPLICIT_RETAIN_SELF = YES;
				CLANG_WARN_OBJC_LITERAL_CONVERSION = YES;
				CLANG_WARN_OBJC_ROOT_CLASS = YES_ERROR;
				CLANG_WARN_RANGE_LOOP_ANALYSIS = YES;
				CLANG_WARN_STRICT_PROTOTYPES = YES;
				CLANG_WARN_SUSPICIOUS_MOVE = YES;
				CLANG_WARN_UNREACHABLE_CODE = YES;
				CLANG_WARN__DUPLICATE_METHOD_MATCH = YES;
				"CODE_SIGN_IDENTITY[sdk=iphoneos*]" = "iPhone Developer";
				COPY_PHASE_STRIP = NO;
				ENABLE_STRICT_OBJC_MSGSEND = YES;
				ENABLE_TESTABILITY = YES;
				GCC_C_LANGUAGE_STANDARD = gnu99;
				GCC_DYNAMIC_NO_PIC = NO;
				GCC_NO_COMMON_BLOCKS = YES;
				GCC_OPTIMIZATION_LEVEL = 0;
				GCC_PREPROCESSOR_DEFINITIONS = (
					"DEBUG=1",
					"$(inherited)",
				);
				GCC_SYMBOLS_PRIVATE_EXTERN = NO;
				GCC_WARN_64_TO_32_BIT_CONVERSION = YES;
				GCC_WARN_ABOUT_RETURN_TYPE = YES_ERROR;
				GCC_WARN_UNDECLARED_SELECTOR = YES;
				GCC_WARN_UNINITIALIZED_AUTOS = YES_AGGRESSIVE;
				GCC_WARN_UNUSED_FUNCTION = YES;
				GCC_WARN_UNUSED_VARIABLE = YES;
				IPHONEOS_DEPLOYMENT_TARGET = 17.0;
				LD_RUNPATH_SEARCH_PATHS = (
					/usr/lib/swift,
					"$(inherited)",
				);
				MTL_ENABLE_DEBUG_INFO = YES;
				ONLY_ACTIVE_ARCH = YES;
				SDKROOT = iphoneos;
				SWIFT_ACTIVE_COMPILATION_CONDITIONS = "$(inherited) DEBUG";
				SWIFT_VERSION = 5.0;
			};
			name = Debug;
		};
		83CBBA211A601CBA00E9B192 /* Release */ = {
			isa = XCBuildConfiguration;
			buildSettings = {
				ALWAYS_SEARCH_USER_PATHS = NO;
				CLANG_ANALYZER_LOCALIZABILITY_NONLOCALIZED = YES;
				CLANG_CXX_LANGUAGE_STANDARD = "c++20";
				CLANG_CXX_LIBRARY = "libc++";
				CLANG_ENABLE_MODULES = YES;
				CLANG_ENABLE_OBJC_ARC = YES;
				CLANG_WARN_BLOCK_CAPTURE_AUTORELEASING = YES;
				CLANG_WARN_BOOL_CONVERSION = YES;
				CLANG_WARN_COMMA = YES;
				CLANG_WARN_CONSTANT_CONVERSION = YES;
				CLANG_WARN_DEPRECATED_OBJC_IMPLEMENTATIONS = YES;
				CLANG_WARN_DIRECT_OBJC_ISA_USAGE = YES_ERROR;
				CLANG_WARN_EMPTY_BODY = YES;
				CLANG_WARN_ENUM_CONVERSION = YES;
				CLANG_WARN_INFINITE_RECURSION = YES;
				CLANG_WARN_INT_CONVERSION = YES;
				CLANG_WARN_NON_LITERAL_NULL_CONVERSION = YES;
				CLANG_WARN_OBJC_IMPLICIT_RETAIN_SELF = YES;
				CLANG_WARN_OBJC_LITERAL_CONVERSION = YES;
				CLANG_WARN_OBJC_ROOT_CLASS = YES_ERROR;
				CLANG_WARN_RANGE_LOOP_ANALYSIS = YES;
				CLANG_WARN_STRICT_PROTOTYPES = YES;
				CLANG_WARN_SUSPICIOUS_MOVE = YES;
				CLANG_WARN_UNREACHABLE_CODE = YES;
				CLANG_WARN__DUPLICATE_METHOD_MATCH = YES;
				"CODE_SIGN_IDENTITY[sdk=iphoneos*]" = "iPhone Developer";
				COPY_PHASE_STRIP = YES;
				ENABLE_NS_ASSERTIONS = NO;
				ENABLE_STRICT_OBJC_MSGSEND = YES;
				GCC_C_LANGUAGE_STANDARD = gnu99;
				GCC_NO_COMMON_BLOCKS = YES;
				GCC_WARN_64_TO_32_BIT_CONVERSION = YES;
				GCC_WARN_ABOUT_RETURN_TYPE = YES_ERROR;
				GCC_WARN_UNDECLARED_SELECTOR = YES;
				GCC_WARN_UNINITIALIZED_AUTOS = YES_AGGRESSIVE;
				GCC_WARN_UNUSED_FUNCTION = YES;
				GCC_WARN_UNUSED_VARIABLE = YES;
				IPHONEOS_DEPLOYMENT_TARGET = 17.0;
				LD_RUNPATH_SEARCH_PATHS = (
					/usr/lib/swift,
					"$(inherited)",
				);
				MTL_ENABLE_DEBUG_INFO = NO;
				SDKROOT = iphoneos;
				SWIFT_VERSION = 5.0;
				VALIDATE_PRODUCT = YES;
			};
			name = Release;
		};
		F400000000000000000000A7 /* Debug */ = {
			isa = XCBuildConfiguration;
			buildSettings = {
				CODE_SIGN_ENTITLEMENTS = SulavSleepWidget/SulavSleepWidget.entitlements;
				CODE_SIGN_STYLE = Automatic;
				CURRENT_PROJECT_VERSION = 1;
				DEVELOPMENT_TEAM = 6LYZDNCM4M;
				GENERATE_INFOPLIST_FILE = NO;
				INFOPLIST_FILE = SulavSleepWidget/Info.plist;
				IPHONEOS_DEPLOYMENT_TARGET = 17.0;
				LD_RUNPATH_SEARCH_PATHS = (
					"$(inherited)",
					"@executable_path/Frameworks",
					"@executable_path/../../Frameworks",
				);
				MARKETING_VERSION = 1.0;
				PRODUCT_BUNDLE_IDENTIFIER = com.sulav.sleepblock.widget;
				PRODUCT_NAME = "$(TARGET_NAME)";
				SKIP_INSTALL = YES;
				SWIFT_OPTIMIZATION_LEVEL = "-Onone";
				SWIFT_VERSION = 5.0;
				TARGETED_DEVICE_FAMILY = "1,2";
			};
			name = Debug;
		};
		F400000000000000000000A8 /* Release */ = {
			isa = XCBuildConfiguration;
			buildSettings = {
				CODE_SIGN_ENTITLEMENTS = SulavSleepWidget/SulavSleepWidget.entitlements;
				CODE_SIGN_STYLE = Automatic;
				CURRENT_PROJECT_VERSION = 1;
				DEVELOPMENT_TEAM = 6LYZDNCM4M;
				GENERATE_INFOPLIST_FILE = NO;
				INFOPLIST_FILE = SulavSleepWidget/Info.plist;
				IPHONEOS_DEPLOYMENT_TARGET = 17.0;
				LD_RUNPATH_SEARCH_PATHS = (
					"$(inherited)",
					"@executable_path/Frameworks",
					"@executable_path/../../Frameworks",
				);
				MARKETING_VERSION = 1.0;
				PRODUCT_BUNDLE_IDENTIFIER = com.sulav.sleepblock.widget;
				PRODUCT_NAME = "$(TARGET_NAME)";
				SKIP_INSTALL = YES;
				SWIFT_VERSION = 5.0;
				TARGETED_DEVICE_FAMILY = "1,2";
			};
			name = Release;
		};
		F500000000000000000000A7 /* Debug */ = {
			isa = XCBuildConfiguration;
			buildSettings = {
				CODE_SIGN_ENTITLEMENTS = SulavSleepMonitor/SulavSleepMonitor.entitlements;
				"CODE_SIGN_ENTITLEMENTS[sdk=iphoneos*]" = "SulavSleepMonitor/SulavSleepMonitor-device.entitlements";
				CODE_SIGN_STYLE = Automatic;
				CURRENT_PROJECT_VERSION = 1;
				DEVELOPMENT_TEAM = 6LYZDNCM4M;
				GENERATE_INFOPLIST_FILE = NO;
				INFOPLIST_FILE = SulavSleepMonitor/Info.plist;
				IPHONEOS_DEPLOYMENT_TARGET = 17.0;
				LD_RUNPATH_SEARCH_PATHS = (
					"$(inherited)",
					"@executable_path/Frameworks",
					"@executable_path/../../Frameworks",
				);
				MARKETING_VERSION = 1.0;
				PRODUCT_BUNDLE_IDENTIFIER = com.sulav.sleepblock.monitor;
				PRODUCT_NAME = "$(TARGET_NAME)";
				SKIP_INSTALL = YES;
				SWIFT_OPTIMIZATION_LEVEL = "-Onone";
				SWIFT_VERSION = 5.0;
				TARGETED_DEVICE_FAMILY = "1,2";
			};
			name = Debug;
		};
		F500000000000000000000A8 /* Release */ = {
			isa = XCBuildConfiguration;
			buildSettings = {
				CODE_SIGN_ENTITLEMENTS = SulavSleepMonitor/SulavSleepMonitor.entitlements;
				"CODE_SIGN_ENTITLEMENTS[sdk=iphoneos*]" = "SulavSleepMonitor/SulavSleepMonitor-device.entitlements";
				CODE_SIGN_STYLE = Automatic;
				CURRENT_PROJECT_VERSION = 1;
				DEVELOPMENT_TEAM = 6LYZDNCM4M;
				GENERATE_INFOPLIST_FILE = NO;
				INFOPLIST_FILE = SulavSleepMonitor/Info.plist;
				IPHONEOS_DEPLOYMENT_TARGET = 17.0;
				LD_RUNPATH_SEARCH_PATHS = (
					"$(inherited)",
					"@executable_path/Frameworks",
					"@executable_path/../../Frameworks",
				);
				MARKETING_VERSION = 1.0;
				PRODUCT_BUNDLE_IDENTIFIER = com.sulav.sleepblock.monitor;
				PRODUCT_NAME = "$(TARGET_NAME)";
				SKIP_INSTALL = YES;
				SWIFT_VERSION = 5.0;
				TARGETED_DEVICE_FAMILY = "1,2";
			};
			name = Release;
		};
		F600000000000000000000A7 /* Debug */ = {
			isa = XCBuildConfiguration;
			buildSettings = {
				CODE_SIGN_ENTITLEMENTS = SulavSleepShieldConfig/SulavSleepShieldConfig.entitlements;
				"CODE_SIGN_ENTITLEMENTS[sdk=iphoneos*]" = "SulavSleepShieldConfig/SulavSleepShieldConfig-device.entitlements";
				CODE_SIGN_STYLE = Automatic;
				CURRENT_PROJECT_VERSION = 1;
				DEVELOPMENT_TEAM = 6LYZDNCM4M;
				GENERATE_INFOPLIST_FILE = NO;
				INFOPLIST_FILE = SulavSleepShieldConfig/Info.plist;
				IPHONEOS_DEPLOYMENT_TARGET = 17.0;
				LD_RUNPATH_SEARCH_PATHS = (
					"$(inherited)",
					"@executable_path/Frameworks",
					"@executable_path/../../Frameworks",
				);
				MARKETING_VERSION = 1.0;
				PRODUCT_BUNDLE_IDENTIFIER = com.sulav.sleepblock.shield-config;
				PRODUCT_NAME = "$(TARGET_NAME)";
				SKIP_INSTALL = YES;
				SWIFT_OPTIMIZATION_LEVEL = "-Onone";
				SWIFT_VERSION = 5.0;
				TARGETED_DEVICE_FAMILY = "1,2";
			};
			name = Debug;
		};
		F600000000000000000000A8 /* Release */ = {
			isa = XCBuildConfiguration;
			buildSettings = {
				CODE_SIGN_ENTITLEMENTS = SulavSleepShieldConfig/SulavSleepShieldConfig.entitlements;
				"CODE_SIGN_ENTITLEMENTS[sdk=iphoneos*]" = "SulavSleepShieldConfig/SulavSleepShieldConfig-device.entitlements";
				CODE_SIGN_STYLE = Automatic;
				CURRENT_PROJECT_VERSION = 1;
				DEVELOPMENT_TEAM = 6LYZDNCM4M;
				GENERATE_INFOPLIST_FILE = NO;
				INFOPLIST_FILE = SulavSleepShieldConfig/Info.plist;
				IPHONEOS_DEPLOYMENT_TARGET = 17.0;
				LD_RUNPATH_SEARCH_PATHS = (
					"$(inherited)",
					"@executable_path/Frameworks",
					"@executable_path/../../Frameworks",
				);
				MARKETING_VERSION = 1.0;
				PRODUCT_BUNDLE_IDENTIFIER = com.sulav.sleepblock.shield-config;
				PRODUCT_NAME = "$(TARGET_NAME)";
				SKIP_INSTALL = YES;
				SWIFT_VERSION = 5.0;
				TARGETED_DEVICE_FAMILY = "1,2";
			};
			name = Release;
		};
		F700000000000000000000A7 /* Debug */ = {
			isa = XCBuildConfiguration;
			buildSettings = {
				CODE_SIGN_ENTITLEMENTS = SulavSleepShieldAction/SulavSleepShieldAction.entitlements;
				"CODE_SIGN_ENTITLEMENTS[sdk=iphoneos*]" = "SulavSleepShieldAction/SulavSleepShieldAction-device.entitlements";
				CODE_SIGN_STYLE = Automatic;
				CURRENT_PROJECT_VERSION = 1;
				DEVELOPMENT_TEAM = 6LYZDNCM4M;
				GENERATE_INFOPLIST_FILE = NO;
				INFOPLIST_FILE = SulavSleepShieldAction/Info.plist;
				IPHONEOS_DEPLOYMENT_TARGET = 17.0;
				LD_RUNPATH_SEARCH_PATHS = (
					"$(inherited)",
					"@executable_path/Frameworks",
					"@executable_path/../../Frameworks",
				);
				MARKETING_VERSION = 1.0;
				PRODUCT_BUNDLE_IDENTIFIER = com.sulav.sleepblock.shield-action;
				PRODUCT_NAME = "$(TARGET_NAME)";
				SKIP_INSTALL = YES;
				SWIFT_OPTIMIZATION_LEVEL = "-Onone";
				SWIFT_VERSION = 5.0;
				TARGETED_DEVICE_FAMILY = "1,2";
			};
			name = Debug;
		};
		F700000000000000000000A8 /* Release */ = {
			isa = XCBuildConfiguration;
			buildSettings = {
				CODE_SIGN_ENTITLEMENTS = SulavSleepShieldAction/SulavSleepShieldAction.entitlements;
				"CODE_SIGN_ENTITLEMENTS[sdk=iphoneos*]" = "SulavSleepShieldAction/SulavSleepShieldAction-device.entitlements";
				CODE_SIGN_STYLE = Automatic;
				CURRENT_PROJECT_VERSION = 1;
				DEVELOPMENT_TEAM = 6LYZDNCM4M;
				GENERATE_INFOPLIST_FILE = NO;
				INFOPLIST_FILE = SulavSleepShieldAction/Info.plist;
				IPHONEOS_DEPLOYMENT_TARGET = 17.0;
				LD_RUNPATH_SEARCH_PATHS = (
					"$(inherited)",
					"@executable_path/Frameworks",
					"@executable_path/../../Frameworks",
				);
				MARKETING_VERSION = 1.0;
				PRODUCT_BUNDLE_IDENTIFIER = com.sulav.sleepblock.shield-action;
				PRODUCT_NAME = "$(TARGET_NAME)";
				SKIP_INSTALL = YES;
				SWIFT_VERSION = 5.0;
				TARGETED_DEVICE_FAMILY = "1,2";
			};
			name = Release;
		};
/* End XCBuildConfiguration section */

/* Begin XCConfigurationList section */
		13B07F931A680F5B00A75B9A /* Build configuration list for PBXNativeTarget "SulavSleep" */ = {
			isa = XCConfigurationList;
			buildConfigurations = (
				13B07F941A680F5B00A75B9A /* Debug */,
				13B07F951A680F5B00A75B9A /* Release */,
			);
			defaultConfigurationIsVisible = 0;
			defaultConfigurationName = Release;
		};
		83CBB9FA1A601CBA00E9B192 /* Build configuration list for PBXProject "SulavSleep" */ = {
			isa = XCConfigurationList;
			buildConfigurations = (
				83CBBA201A601CBA00E9B192 /* Debug */,
				83CBBA211A601CBA00E9B192 /* Release */,
			);
			defaultConfigurationIsVisible = 0;
			defaultConfigurationName = Release;
		};
		F400000000000000000000A6 /* Build configuration list for PBXNativeTarget "SulavSleepWidgetExtension" */ = {
			isa = XCConfigurationList;
			buildConfigurations = (
				F400000000000000000000A7 /* Debug */,
				F400000000000000000000A8 /* Release */,
			);
			defaultConfigurationIsVisible = 0;
			defaultConfigurationName = Release;
		};
		F500000000000000000000A6 /* Build configuration list for PBXNativeTarget "SulavSleepMonitor" */ = {
			isa = XCConfigurationList;
			buildConfigurations = (
				F500000000000000000000A7 /* Debug */,
				F500000000000000000000A8 /* Release */,
			);
			defaultConfigurationIsVisible = 0;
			defaultConfigurationName = Release;
		};
		F600000000000000000000A6 /* Build configuration list for PBXNativeTarget "SulavSleepShieldConfig" */ = {
			isa = XCConfigurationList;
			buildConfigurations = (
				F600000000000000000000A7 /* Debug */,
				F600000000000000000000A8 /* Release */,
			);
			defaultConfigurationIsVisible = 0;
			defaultConfigurationName = Release;
		};
		F700000000000000000000A6 /* Build configuration list for PBXNativeTarget "SulavSleepShieldAction" */ = {
			isa = XCConfigurationList;
			buildConfigurations = (
				F700000000000000000000A7 /* Debug */,
				F700000000000000000000A8 /* Release */,
			);
			defaultConfigurationIsVisible = 0;
			defaultConfigurationName = Release;
		};
/* End XCConfigurationList section */

/* Begin XCRemoteSwiftPackageReference section */
		2F49F75CF32564D69E719168 /* XCRemoteSwiftPackageReference "supabase-swift" */ = {
			isa = XCRemoteSwiftPackageReference;
			repositoryURL = "https://github.com/supabase/supabase-swift.git";
			requirement = {
				kind = upToNextMajorVersion;
				minimumVersion = 2.0.0;
			};
		};
		7C0000000000000000000001 /* XCRemoteSwiftPackageReference "purchases-ios-spm" */ = {
			isa = XCRemoteSwiftPackageReference;
			repositoryURL = "https://github.com/RevenueCat/purchases-ios-spm.git";
			requirement = {
				kind = upToNextMajorVersion;
				minimumVersion = 5.0.0;
			};
		};
		7D0000000000000000000001 /* XCRemoteSwiftPackageReference "tiktok-business-ios-sdk" */ = {
			isa = XCRemoteSwiftPackageReference;
			repositoryURL = "https://github.com/tiktok/tiktok-business-ios-sdk.git";
			requirement = {
				kind = upToNextMinorVersion;
				minimumVersion = 1.7.1;
			};
		};
/* End XCRemoteSwiftPackageReference section */

/* Begin XCSwiftPackageProductDependency section */
		71DA860F9B70BD0D45CF7857 /* Supabase */ = {
			isa = XCSwiftPackageProductDependency;
			package = 2F49F75CF32564D69E719168 /* XCRemoteSwiftPackageReference "supabase-swift" */;
			productName = Supabase;
		};
		7C0000000000000000000002 /* RevenueCat */ = {
			isa = XCSwiftPackageProductDependency;
			package = 7C0000000000000000000001 /* XCRemoteSwiftPackageReference "purchases-ios-spm" */;
			productName = RevenueCat;
		};
		7D0000000000000000000002 /* TikTokBusinessSDK */ = {
			isa = XCSwiftPackageProductDependency;
			package = 7D0000000000000000000001 /* XCRemoteSwiftPackageReference "tiktok-business-ios-sdk" */;
			productName = TikTokBusinessSDK;
		};
/* End XCSwiftPackageProductDependency section */
	};
	rootObject = 83CBB9F71A601CBA00E9B192 /* Project object */;
}
